{
    "version": 3,
    "terraform_version": "0.11.7",
    "serial": 49,
    "lineage": "d4a16f07-ad3b-cd78-b3de-abded5f8a6a2",
    "modules": [
        {
            "path": [
                "root"
            ],
            "outputs": {
                "endpoint_for_wpdb": {
                    "sensitive": false,
                    "type": "string",
                    "value": "dbinstance.coohxxsgjn8y.us-east-1.rds.amazonaws.com:3306"
                },
                "filesysid": {
                    "sensitive": false,
                    "type": "string",
                    "value": "fs-fc1693b4.efs.us-east-1.amazonaws.com"
                }
            },
            "resources": {
                "aws_db_instance.wordpressdb": {
                    "type": "aws_db_instance",
                    "depends_on": [
                        "aws_db_subnet_group.wp"
                    ],
                    "primary": {
                        "id": "dbinstance",
                        "attributes": {
                            "address": "dbinstance.coohxxsgjn8y.us-east-1.rds.amazonaws.com",
                            "allocated_storage": "10",
                            "arn": "arn:aws:rds:us-east-1:754058048930:db:dbinstance",
                            "auto_minor_version_upgrade": "true",
                            "availability_zone": "us-east-1b",
                            "backup_retention_period": "0",
                            "backup_window": "09:24-09:54",
                            "ca_cert_identifier": "rds-ca-2015",
                            "copy_tags_to_snapshot": "false",
                            "db_subnet_group_name": "wp",
                            "enabled_cloudwatch_logs_exports.#": "0",
                            "endpoint": "dbinstance.coohxxsgjn8y.us-east-1.rds.amazonaws.com:3306",
                            "engine": "mysql",
                            "engine_version": "5.7.21",
                            "hosted_zone_id": "Z2R2ITUGPM61AM",
                            "iam_database_authentication_enabled": "false",
                            "id": "dbinstance",
                            "identifier": "dbinstance",
                            "instance_class": "db.t2.micro",
                            "iops": "0",
                            "kms_key_id": "",
                            "license_model": "general-public-license",
                            "maintenance_window": "sat:10:12-sat:10:42",
                            "monitoring_interval": "0",
                            "multi_az": "false",
                            "name": "wordpress",
                            "option_group_name": "default:mysql-5-7",
                            "parameter_group_name": "default.mysql5.7",
                            "password": "wordpress",
                            "port": "3306",
                            "publicly_accessible": "false",
                            "replicas.#": "0",
                            "replicate_source_db": "",
                            "resource_id": "db-CKWQI4M42AU3MEKARD4IQPOPTI",
                            "security_group_names.#": "0",
                            "skip_final_snapshot": "true",
                            "status": "available",
                            "storage_encrypted": "false",
                            "storage_type": "gp2",
                            "tags.%": "1",
                            "tags.Name": "muhas",
                            "timezone": "",
                            "username": "wordpress",
                            "vpc_security_group_ids.#": "1",
                            "vpc_security_group_ids.1732437652": "sg-60128028"
                        },
                        "meta": {
                            "e2bfb730-ecaa-11e6-8f88-34363bc7c4c0": {
                                "create": 2400000000000,
                                "delete": 2400000000000,
                                "update": 4800000000000
                            }
                        },
                        "tainted": false
                    },
                    "deposed": [],
                    "provider": "provider.aws"
                },
                "aws_db_subnet_group.wp": {
                    "type": "aws_db_subnet_group",
                    "depends_on": [
                        "aws_subnet.subnetmuhas",
                        "aws_subnet.subnetmuhass"
                    ],
                    "primary": {
                        "id": "wp",
                        "attributes": {
                            "arn": "arn:aws:rds:us-east-1:754058048930:subgrp:wp",
                            "description": "Managed by Terraform",
                            "id": "wp",
                            "name": "wp",
                            "subnet_ids.#": "2",
                            "subnet_ids.703520572": "subnet-292feb07",
                            "subnet_ids.973180978": "subnet-428a4625",
                            "tags.%": "1",
                            "tags.Name": "muhas"
                        },
                        "meta": {},
                        "tainted": false
                    },
                    "deposed": [],
                    "provider": "provider.aws"
                },
                "aws_default_network_acl.default": {
                    "type": "aws_default_network_acl",
                    "depends_on": [
                        "aws_subnet.subnetmuhas",
                        "aws_vpc.vpcmuhas"
                    ],
                    "primary": {
                        "id": "acl-5273e328",
                        "attributes": {
                            "default_network_acl_id": "acl-5273e328",
                            "egress.#": "1",
                            "egress.1401401844.action": "allow",
                            "egress.1401401844.cidr_block": "0.0.0.0/0",
                            "egress.1401401844.from_port": "0",
                            "egress.1401401844.icmp_code": "0",
                            "egress.1401401844.icmp_type": "0",
                            "egress.1401401844.ipv6_cidr_block": "",
                            "egress.1401401844.protocol": "-1",
                            "egress.1401401844.rule_no": "100",
                            "egress.1401401844.to_port": "0",
                            "id": "acl-5273e328",
                            "ingress.#": "1",
                            "ingress.1401401844.action": "allow",
                            "ingress.1401401844.cidr_block": "0.0.0.0/0",
                            "ingress.1401401844.from_port": "0",
                            "ingress.1401401844.icmp_code": "0",
                            "ingress.1401401844.icmp_type": "0",
                            "ingress.1401401844.ipv6_cidr_block": "",
                            "ingress.1401401844.protocol": "-1",
                            "ingress.1401401844.rule_no": "100",
                            "ingress.1401401844.to_port": "0",
                            "subnet_ids.#": "2",
                            "subnet_ids.703520572": "subnet-292feb07",
                            "subnet_ids.973180978": "subnet-428a4625",
                            "tags.%": "1",
                            "tags.Name": "muhas",
                            "vpc_id": "vpc-dd0536a6"
                        },
                        "meta": {},
                        "tainted": false
                    },
                    "deposed": [],
                    "provider": "provider.aws"
                },
                "aws_default_route_table.OutRouteMuhas": {
                    "type": "aws_default_route_table",
                    "depends_on": [
                        "aws_internet_gateway.gwmuhas",
                        "aws_vpc.vpcmuhas"
                    ],
                    "primary": {
                        "id": "rtb-c35bbdbc",
                        "attributes": {
                            "default_route_table_id": "rtb-c35bbdbc",
                            "id": "rtb-c35bbdbc",
                            "propagating_vgws.#": "0",
                            "route.#": "1",
                            "route.651013754.cidr_block": "0.0.0.0/0",
                            "route.651013754.egress_only_gateway_id": "",
                            "route.651013754.gateway_id": "igw-1fdba367",
                            "route.651013754.instance_id": "",
                            "route.651013754.ipv6_cidr_block": "",
                            "route.651013754.nat_gateway_id": "",
                            "route.651013754.network_interface_id": "",
                            "route.651013754.vpc_peering_connection_id": "",
                            "tags.%": "1",
                            "tags.Name": "public_muhas",
                            "vpc_id": "vpc-dd0536a6"
                        },
                        "meta": {},
                        "tainted": false
                    },
                    "deposed": [],
                    "provider": "provider.aws"
                },
                "aws_default_security_group.secgrmuhas": {
                    "type": "aws_default_security_group",
                    "depends_on": [
                        "aws_vpc.vpcmuhas"
                    ],
                    "primary": {
                        "id": "sg-60128028",
                        "attributes": {
                            "arn": "arn:aws:ec2:us-east-1:754058048930:security-group/sg-60128028",
                            "egress.#": "1",
                            "egress.482069346.cidr_blocks.#": "1",
                            "egress.482069346.cidr_blocks.0": "0.0.0.0/0",
                            "egress.482069346.description": "",
                            "egress.482069346.from_port": "0",
                            "egress.482069346.ipv6_cidr_blocks.#": "0",
                            "egress.482069346.prefix_list_ids.#": "0",
                            "egress.482069346.protocol": "-1",
                            "egress.482069346.security_groups.#": "0",
                            "egress.482069346.self": "false",
                            "egress.482069346.to_port": "0",
                            "id": "sg-60128028",
                            "ingress.#": "1",
                            "ingress.482069346.cidr_blocks.#": "1",
                            "ingress.482069346.cidr_blocks.0": "0.0.0.0/0",
                            "ingress.482069346.description": "",
                            "ingress.482069346.from_port": "0",
                            "ingress.482069346.ipv6_cidr_blocks.#": "0",
                            "ingress.482069346.protocol": "-1",
                            "ingress.482069346.security_groups.#": "0",
                            "ingress.482069346.self": "false",
                            "ingress.482069346.to_port": "0",
                            "name": "default",
                            "owner_id": "754058048930",
                            "revoke_rules_on_delete": "false",
                            "tags.%": "1",
                            "tags.Name": "muhas",
                            "vpc_id": "vpc-dd0536a6"
                        },
                        "meta": {
                            "e2bfb730-ecaa-11e6-8f88-34363bc7c4c0": {
                                "create": 600000000000,
                                "delete": 600000000000
                            },
                            "schema_version": "1"
                        },
                        "tainted": false
                    },
                    "deposed": [],
                    "provider": "provider.aws"
                },
                "aws_efs_file_system.docroot": {
                    "type": "aws_efs_file_system",
                    "depends_on": [],
                    "primary": {
                        "id": "fs-fc1693b4",
                        "attributes": {
                            "creation_token": "docroot",
                            "dns_name": "fs-fc1693b4.efs.us-east-1.amazonaws.com",
                            "encrypted": "false",
                            "id": "fs-fc1693b4",
                            "kms_key_id": "",
                            "performance_mode": "generalPurpose",
                            "tags.%": "1",
                            "tags.Name": "muhas_docroot"
                        },
                        "meta": {},
                        "tainted": false
                    },
                    "deposed": [],
                    "provider": "provider.aws"
                },
                "aws_efs_mount_target.a": {
                    "type": "aws_efs_mount_target",
                    "depends_on": [
                        "aws_efs_file_system.docroot",
                        "aws_subnet.subnetmuhas"
                    ],
                    "primary": {
                        "id": "fsmt-6b26b023",
                        "attributes": {
                            "dns_name": "fs-fc1693b4.efs.us-east-1.amazonaws.com",
                            "file_system_id": "fs-fc1693b4",
                            "id": "fsmt-6b26b023",
                            "ip_address": "192.168.0.15",
                            "network_interface_id": "eni-362e23b5",
                            "security_groups.#": "1",
                            "security_groups.1732437652": "sg-60128028",
                            "subnet_id": "subnet-428a4625"
                        },
                        "meta": {},
                        "tainted": false
                    },
                    "deposed": [],
                    "provider": "provider.aws"
                },
                "aws_efs_mount_target.b": {
                    "type": "aws_efs_mount_target",
                    "depends_on": [
                        "aws_efs_file_system.docroot",
                        "aws_subnet.subnetmuhass"
                    ],
                    "primary": {
                        "id": "fsmt-5326b01b",
                        "attributes": {
                            "dns_name": "fs-fc1693b4.efs.us-east-1.amazonaws.com",
                            "file_system_id": "fs-fc1693b4",
                            "id": "fsmt-5326b01b",
                            "ip_address": "192.168.0.100",
                            "network_interface_id": "eni-e977827e",
                            "security_groups.#": "1",
                            "security_groups.1732437652": "sg-60128028",
                            "subnet_id": "subnet-292feb07"
                        },
                        "meta": {},
                        "tainted": false
                    },
                    "deposed": [],
                    "provider": "provider.aws"
                },
                "aws_eip.ip": {
                    "type": "aws_eip",
                    "depends_on": [],
                    "primary": {
                        "id": "eipalloc-54f33b5c",
                        "attributes": {
                            "association_id": "",
                            "domain": "vpc",
                            "id": "eipalloc-54f33b5c",
                            "instance": "",
                            "network_interface": "",
                            "private_ip": "",
                            "public_ip": "34.239.223.99",
                            "tags.%": "1",
                            "tags.Name": "muhas",
                            "vpc": "true"
                        },
                        "meta": {
                            "e2bfb730-ecaa-11e6-8f88-34363bc7c4c0": {
                                "delete": 180000000000,
                                "read": 900000000000,
                                "update": 300000000000
                            }
                        },
                        "tainted": false
                    },
                    "deposed": [],
                    "provider": "provider.aws"
                },
                "aws_instance.bastion": {
                    "type": "aws_instance",
                    "depends_on": [
                        "aws_subnet.subnetmuhas"
                    ],
                    "primary": {
                        "id": "i-0f087cd8dd1d98be4",
                        "attributes": {
                            "ami": "ami-467ca739",
                            "associate_public_ip_address": "true",
                            "availability_zone": "us-east-1a",
                            "credit_specification.#": "1",
                            "credit_specification.0.cpu_credits": "standard",
                            "disable_api_termination": "false",
                            "ebs_block_device.#": "0",
                            "ebs_optimized": "false",
                            "ephemeral_block_device.#": "0",
                            "get_password_data": "false",
                            "iam_instance_profile": "",
                            "id": "i-0f087cd8dd1d98be4",
                            "instance_state": "running",
                            "instance_type": "t2.micro",
                            "ipv6_addresses.#": "0",
                            "key_name": "sergeymuha",
                            "monitoring": "false",
                            "network_interface.#": "0",
                            "network_interface_id": "eni-3d131ebe",
                            "password_data": "",
                            "placement_group": "",
                            "primary_network_interface_id": "eni-3d131ebe",
                            "private_dns": "ip-192-168-0-31.ec2.internal",
                            "private_ip": "192.168.0.31",
                            "public_dns": "ec2-18-206-86-53.compute-1.amazonaws.com",
                            "public_ip": "18.206.86.53",
                            "root_block_device.#": "1",
                            "root_block_device.0.delete_on_termination": "true",
                            "root_block_device.0.iops": "100",
                            "root_block_device.0.volume_id": "vol-0bcff51d6432526d4",
                            "root_block_device.0.volume_size": "8",
                            "root_block_device.0.volume_type": "gp2",
                            "security_groups.#": "0",
                            "source_dest_check": "true",
                            "subnet_id": "subnet-428a4625",
                            "tags.%": "1",
                            "tags.Name": "bastion_host_muha",
                            "tenancy": "default",
                            "volume_tags.%": "0",
                            "vpc_security_group_ids.#": "1",
                            "vpc_security_group_ids.1732437652": "sg-60128028"
                        },
                        "meta": {
                            "e2bfb730-ecaa-11e6-8f88-34363bc7c4c0": {
                                "create": 600000000000,
                                "delete": 1200000000000,
                                "update": 600000000000
                            },
                            "schema_version": "1"
                        },
                        "tainted": false
                    },
                    "deposed": [],
                    "provider": "provider.aws"
                },
                "aws_instance.haproxy": {
                    "type": "aws_instance",
                    "depends_on": [
                        "aws_subnet.subnetmuhas"
                    ],
                    "primary": {
                        "id": "i-09ce1f214650ba43d",
                        "attributes": {
                            "ami": "ami-467ca739",
                            "associate_public_ip_address": "true",
                            "availability_zone": "us-east-1a",
                            "credit_specification.#": "1",
                            "credit_specification.0.cpu_credits": "standard",
                            "disable_api_termination": "false",
                            "ebs_block_device.#": "0",
                            "ebs_optimized": "false",
                            "ephemeral_block_device.#": "0",
                            "get_password_data": "false",
                            "iam_instance_profile": "",
                            "id": "i-09ce1f214650ba43d",
                            "instance_state": "running",
                            "instance_type": "t2.micro",
                            "ipv6_addresses.#": "0",
                            "key_name": "sergeymuha",
                            "monitoring": "false",
                            "network_interface.#": "0",
                            "network_interface_id": "eni-582924db",
                            "password_data": "",
                            "placement_group": "",
                            "primary_network_interface_id": "eni-582924db",
                            "private_dns": "ip-192-168-0-56.ec2.internal",
                            "private_ip": "192.168.0.56",
                            "public_dns": "ec2-52-3-228-125.compute-1.amazonaws.com",
                            "public_ip": "52.3.228.125",
                            "root_block_device.#": "1",
                            "root_block_device.0.delete_on_termination": "true",
                            "root_block_device.0.iops": "100",
                            "root_block_device.0.volume_id": "vol-0d10d7d7b14d7af98",
                            "root_block_device.0.volume_size": "8",
                            "root_block_device.0.volume_type": "gp2",
                            "security_groups.#": "0",
                            "source_dest_check": "true",
                            "subnet_id": "subnet-428a4625",
                            "tags.%": "1",
                            "tags.Name": "haproxy_muha",
                            "tenancy": "default",
                            "volume_tags.%": "0",
                            "vpc_security_group_ids.#": "1",
                            "vpc_security_group_ids.1732437652": "sg-60128028"
                        },
                        "meta": {
                            "e2bfb730-ecaa-11e6-8f88-34363bc7c4c0": {
                                "create": 600000000000,
                                "delete": 1200000000000,
                                "update": 600000000000
                            },
                            "schema_version": "1"
                        },
                        "tainted": false
                    },
                    "deposed": [],
                    "provider": "provider.aws"
                },
                "aws_instance.workers.0": {
                    "type": "aws_instance",
                    "depends_on": [
                        "aws_subnet.subnetmuhass"
                    ],
                    "primary": {
                        "id": "i-069836f80f17c4ed7",
                        "attributes": {
                            "ami": "ami-467ca739",
                            "associate_public_ip_address": "false",
                            "availability_zone": "us-east-1b",
                            "credit_specification.#": "1",
                            "credit_specification.0.cpu_credits": "standard",
                            "disable_api_termination": "false",
                            "ebs_block_device.#": "0",
                            "ebs_optimized": "false",
                            "ephemeral_block_device.#": "0",
                            "get_password_data": "false",
                            "iam_instance_profile": "",
                            "id": "i-069836f80f17c4ed7",
                            "instance_state": "running",
                            "instance_type": "t2.micro",
                            "ipv6_addresses.#": "0",
                            "key_name": "sergeymuha",
                            "monitoring": "false",
                            "network_interface.#": "0",
                            "network_interface_id": "eni-ee718479",
                            "password_data": "",
                            "placement_group": "",
                            "primary_network_interface_id": "eni-ee718479",
                            "private_dns": "ip-192-168-0-72.ec2.internal",
                            "private_ip": "192.168.0.72",
                            "public_dns": "",
                            "public_ip": "",
                            "root_block_device.#": "1",
                            "root_block_device.0.delete_on_termination": "true",
                            "root_block_device.0.iops": "100",
                            "root_block_device.0.volume_id": "vol-0c26b9f62029cf8fa",
                            "root_block_device.0.volume_size": "8",
                            "root_block_device.0.volume_type": "gp2",
                            "security_groups.#": "0",
                            "source_dest_check": "true",
                            "subnet_id": "subnet-292feb07",
                            "tags.%": "2",
                            "tags.Name": "workers_muha_0",
                            "tags.ansible_group": "workers",
                            "tenancy": "default",
                            "volume_tags.%": "0",
                            "vpc_security_group_ids.#": "1",
                            "vpc_security_group_ids.1732437652": "sg-60128028"
                        },
                        "meta": {
                            "e2bfb730-ecaa-11e6-8f88-34363bc7c4c0": {
                                "create": 600000000000,
                                "delete": 1200000000000,
                                "update": 600000000000
                            },
                            "schema_version": "1"
                        },
                        "tainted": false
                    },
                    "deposed": [],
                    "provider": "provider.aws"
                },
                "aws_instance.workers.1": {
                    "type": "aws_instance",
                    "depends_on": [
                        "aws_subnet.subnetmuhass"
                    ],
                    "primary": {
                        "id": "i-02ec4568aa75658e4",
                        "attributes": {
                            "ami": "ami-467ca739",
                            "associate_public_ip_address": "false",
                            "availability_zone": "us-east-1b",
                            "credit_specification.#": "1",
                            "credit_specification.0.cpu_credits": "standard",
                            "disable_api_termination": "false",
                            "ebs_block_device.#": "0",
                            "ebs_optimized": "false",
                            "ephemeral_block_device.#": "0",
                            "get_password_data": "false",
                            "iam_instance_profile": "",
                            "id": "i-02ec4568aa75658e4",
                            "instance_state": "running",
                            "instance_type": "t2.micro",
                            "ipv6_addresses.#": "0",
                            "key_name": "sergeymuha",
                            "monitoring": "false",
                            "network_interface.#": "0",
                            "network_interface_id": "eni-b0708527",
                            "password_data": "",
                            "placement_group": "",
                            "primary_network_interface_id": "eni-b0708527",
                            "private_dns": "ip-192-168-0-119.ec2.internal",
                            "private_ip": "192.168.0.119",
                            "public_dns": "",
                            "public_ip": "",
                            "root_block_device.#": "1",
                            "root_block_device.0.delete_on_termination": "true",
                            "root_block_device.0.iops": "100",
                            "root_block_device.0.volume_id": "vol-091e471c752697c65",
                            "root_block_device.0.volume_size": "8",
                            "root_block_device.0.volume_type": "gp2",
                            "security_groups.#": "0",
                            "source_dest_check": "true",
                            "subnet_id": "subnet-292feb07",
                            "tags.%": "2",
                            "tags.Name": "workers_muha_1",
                            "tags.ansible_group": "workers",
                            "tenancy": "default",
                            "volume_tags.%": "0",
                            "vpc_security_group_ids.#": "1",
                            "vpc_security_group_ids.1732437652": "sg-60128028"
                        },
                        "meta": {
                            "e2bfb730-ecaa-11e6-8f88-34363bc7c4c0": {
                                "create": 600000000000,
                                "delete": 1200000000000,
                                "update": 600000000000
                            },
                            "schema_version": "1"
                        },
                        "tainted": false
                    },
                    "deposed": [],
                    "provider": "provider.aws"
                },
                "aws_instance.workers.2": {
                    "type": "aws_instance",
                    "depends_on": [
                        "aws_subnet.subnetmuhass"
                    ],
                    "primary": {
                        "id": "i-00f217cb1b6d423f5",
                        "attributes": {
                            "ami": "ami-467ca739",
                            "associate_public_ip_address": "false",
                            "availability_zone": "us-east-1b",
                            "credit_specification.#": "1",
                            "credit_specification.0.cpu_credits": "standard",
                            "disable_api_termination": "false",
                            "ebs_block_device.#": "0",
                            "ebs_optimized": "false",
                            "ephemeral_block_device.#": "0",
                            "get_password_data": "false",
                            "iam_instance_profile": "",
                            "id": "i-00f217cb1b6d423f5",
                            "instance_state": "running",
                            "instance_type": "t2.micro",
                            "ipv6_addresses.#": "0",
                            "key_name": "sergeymuha",
                            "monitoring": "false",
                            "network_interface.#": "0",
                            "network_interface_id": "eni-247481b3",
                            "password_data": "",
                            "placement_group": "",
                            "primary_network_interface_id": "eni-247481b3",
                            "private_dns": "ip-192-168-0-74.ec2.internal",
                            "private_ip": "192.168.0.74",
                            "public_dns": "",
                            "public_ip": "",
                            "root_block_device.#": "1",
                            "root_block_device.0.delete_on_termination": "true",
                            "root_block_device.0.iops": "100",
                            "root_block_device.0.volume_id": "vol-0afb77cf45a6f7da9",
                            "root_block_device.0.volume_size": "8",
                            "root_block_device.0.volume_type": "gp2",
                            "security_groups.#": "0",
                            "source_dest_check": "true",
                            "subnet_id": "subnet-292feb07",
                            "tags.%": "2",
                            "tags.Name": "workers_muha_2",
                            "tags.ansible_group": "workers",
                            "tenancy": "default",
                            "volume_tags.%": "0",
                            "vpc_security_group_ids.#": "1",
                            "vpc_security_group_ids.1732437652": "sg-60128028"
                        },
                        "meta": {
                            "e2bfb730-ecaa-11e6-8f88-34363bc7c4c0": {
                                "create": 600000000000,
                                "delete": 1200000000000,
                                "update": 600000000000
                            },
                            "schema_version": "1"
                        },
                        "tainted": false
                    },
                    "deposed": [],
                    "provider": "provider.aws"
                },
                "aws_internet_gateway.gwmuhas": {
                    "type": "aws_internet_gateway",
                    "depends_on": [
                        "aws_vpc.vpcmuhas"
                    ],
                    "primary": {
                        "id": "igw-1fdba367",
                        "attributes": {
                            "id": "igw-1fdba367",
                            "tags.%": "1",
                            "tags.Name": "muhas",
                            "vpc_id": "vpc-dd0536a6"
                        },
                        "meta": {},
                        "tainted": false
                    },
                    "deposed": [],
                    "provider": "provider.aws"
                },
                "aws_nat_gateway.gw": {
                    "type": "aws_nat_gateway",
                    "depends_on": [
                        "aws_eip.ip",
                        "aws_subnet.subnetmuhas"
                    ],
                    "primary": {
                        "id": "nat-0e4ee96e1b04aef99",
                        "attributes": {
                            "allocation_id": "eipalloc-54f33b5c",
                            "id": "nat-0e4ee96e1b04aef99",
                            "network_interface_id": "eni-91292412",
                            "private_ip": "192.168.0.51",
                            "public_ip": "34.239.223.99",
                            "subnet_id": "subnet-428a4625",
                            "tags.%": "1",
                            "tags.Name": "muhas"
                        },
                        "meta": {},
                        "tainted": false
                    },
                    "deposed": [],
                    "provider": "provider.aws"
                },
                "aws_route_table.r": {
                    "type": "aws_route_table",
                    "depends_on": [
                        "aws_nat_gateway.gw",
                        "aws_vpc.vpcmuhas"
                    ],
                    "primary": {
                        "id": "rtb-c04aacbf",
                        "attributes": {
                            "id": "rtb-c04aacbf",
                            "propagating_vgws.#": "0",
                            "route.#": "1",
                            "route.939807496.cidr_block": "0.0.0.0/0",
                            "route.939807496.egress_only_gateway_id": "",
                            "route.939807496.gateway_id": "",
                            "route.939807496.instance_id": "",
                            "route.939807496.ipv6_cidr_block": "",
                            "route.939807496.nat_gateway_id": "nat-0e4ee96e1b04aef99",
                            "route.939807496.network_interface_id": "",
                            "route.939807496.vpc_peering_connection_id": "",
                            "tags.%": "1",
                            "tags.Name": "muhas_private",
                            "vpc_id": "vpc-dd0536a6"
                        },
                        "meta": {},
                        "tainted": false
                    },
                    "deposed": [],
                    "provider": "provider.aws"
                },
                "aws_route_table_association.a": {
                    "type": "aws_route_table_association",
                    "depends_on": [
                        "aws_route_table.r",
                        "aws_subnet.subnetmuhass"
                    ],
                    "primary": {
                        "id": "rtbassoc-220f5e5d",
                        "attributes": {
                            "id": "rtbassoc-220f5e5d",
                            "route_table_id": "rtb-c04aacbf",
                            "subnet_id": "subnet-292feb07"
                        },
                        "meta": {},
                        "tainted": false
                    },
                    "deposed": [],
                    "provider": "provider.aws"
                },
                "aws_subnet.subnetmuhas": {
                    "type": "aws_subnet",
                    "depends_on": [
                        "aws_vpc.vpcmuhas"
                    ],
                    "primary": {
                        "id": "subnet-428a4625",
                        "attributes": {
                            "assign_ipv6_address_on_creation": "false",
                            "availability_zone": "us-east-1a",
                            "cidr_block": "192.168.0.0/26",
                            "id": "subnet-428a4625",
                            "map_public_ip_on_launch": "true",
                            "tags.%": "1",
                            "tags.Name": "public_muhas",
                            "vpc_id": "vpc-dd0536a6"
                        },
                        "meta": {
                            "schema_version": "1"
                        },
                        "tainted": false
                    },
                    "deposed": [],
                    "provider": "provider.aws"
                },
                "aws_subnet.subnetmuhass": {
                    "type": "aws_subnet",
                    "depends_on": [
                        "aws_vpc.vpcmuhas"
                    ],
                    "primary": {
                        "id": "subnet-292feb07",
                        "attributes": {
                            "assign_ipv6_address_on_creation": "false",
                            "availability_zone": "us-east-1b",
                            "cidr_block": "192.168.0.64/26",
                            "id": "subnet-292feb07",
                            "map_public_ip_on_launch": "false",
                            "tags.%": "1",
                            "tags.Name": "private_muhas",
                            "vpc_id": "vpc-dd0536a6"
                        },
                        "meta": {
                            "schema_version": "1"
                        },
                        "tainted": false
                    },
                    "deposed": [],
                    "provider": "provider.aws"
                },
                "aws_vpc.vpcmuhas": {
                    "type": "aws_vpc",
                    "depends_on": [],
                    "primary": {
                        "id": "vpc-dd0536a6",
                        "attributes": {
                            "assign_generated_ipv6_cidr_block": "false",
                            "cidr_block": "192.168.0.0/24",
                            "default_network_acl_id": "acl-5273e328",
                            "default_route_table_id": "rtb-c35bbdbc",
                            "default_security_group_id": "sg-60128028",
                            "dhcp_options_id": "dopt-839c88e1",
                            "enable_classiclink": "false",
                            "enable_classiclink_dns_support": "false",
                            "enable_dns_hostnames": "true",
                            "enable_dns_support": "true",
                            "id": "vpc-dd0536a6",
                            "instance_tenancy": "default",
                            "main_route_table_id": "rtb-c35bbdbc",
                            "tags.%": "1",
                            "tags.Name": "muhas"
                        },
                        "meta": {
                            "schema_version": "1"
                        },
                        "tainted": false
                    },
                    "deposed": [],
                    "provider": "provider.aws"
                },
                "aws_vpc_dhcp_options.muhas": {
                    "type": "aws_vpc_dhcp_options",
                    "depends_on": [],
                    "primary": {
                        "id": "dopt-d463b2af",
                        "attributes": {
                            "domain_name": "ec2.muhas",
                            "domain_name_servers.#": "1",
                            "domain_name_servers.0": "AmazonProvidedDNS",
                            "id": "dopt-d463b2af",
                            "tags.%": "1",
                            "tags.Name": "muhas"
                        },
                        "meta": {},
                        "tainted": false
                    },
                    "deposed": [],
                    "provider": "provider.aws"
                },
                "aws_vpc_dhcp_options_association.dns_resolver": {
                    "type": "aws_vpc_dhcp_options_association",
                    "depends_on": [
                        "aws_vpc.vpcmuhas",
                        "aws_vpc_dhcp_options.muhas"
                    ],
                    "primary": {
                        "id": "dopt-d463b2af-vpc-dd0536a6",
                        "attributes": {
                            "dhcp_options_id": "dopt-d463b2af",
                            "id": "dopt-d463b2af-vpc-dd0536a6",
                            "vpc_id": "vpc-dd0536a6"
                        },
                        "meta": {},
                        "tainted": false
                    },
                    "deposed": [],
                    "provider": "provider.aws"
                }
            },
            "depends_on": []
        }
    ]
}
